
Microsoft Visual Studio Solution File, Format Version 12.00
# Visual Studio Version 17
VisualStudioVersion = 17.14.36603.0 d17.14
MinimumVisualStudioVersion = 10.0.40219.1
Project("{FAE04EC0-301F-11D3-BF4B-00C04F79EFBC}") = "student marks by arrays", "student marks by arrays.csproj", "{F3582872-53EB-4B3F-956F-4148FEE0A9C9}"
EndProject
Global
	GlobalSection(SolutionConfigurationPlatforms) = preSolution
		Debug|Any CPU = Debug|Any CPU
		Release|Any CPU = Release|Any CPU
	EndGlobalSection
	GlobalSection(ProjectConfigurationPlatforms) = postSolution
		{F3582872-53EB-4B3F-956F-4148FEE0A9C9}.Debug|Any CPU.ActiveCfg = Debug|Any CPU
		{F3582872-53EB-4B3F-956F-4148FEE0A9C9}.Debug|Any CPU.Build.0 = Debug|Any CPU
		{F3582872-53EB-4B3F-956F-4148FEE0A9C9}.Release|Any CPU.ActiveCfg = Release|Any CPU
		{F3582872-53EB-4B3F-956F-4148FEE0A9C9}.Release|Any CPU.Build.0 = Release|Any CPU
	EndGlobalSection
	GlobalSection(SolutionProperties) = preSolution
		HideSolutionNode = FALSE
	EndGlobalSection
	GlobalSection(ExtensibilityGlobals) = postSolution
		SolutionGuid = {47F6523A-0027-4AD8-813D-174B54096B39}
	EndGlobalSection
EndGlobal
